
Microsoft Visual Studio Solution File, Format Version 12.00
# Visual Studio Version 17
VisualStudioVersion = 17.0.31903.59
MinimumVisualStudioVersion = 10.0.40219.1
Project("{9A19103F-16F7-4668-BE54-9A1E7A4F7556}") = "MyOssHours.Frontend.Web", "MyOssHours.Frontend.Web\MyOssHours.Frontend.Web.csproj", "{8639FBCA-4FB8-485C-B679-0A803C1181BC}"
EndProject
Global
	GlobalSection(SolutionConfigurationPlatforms) = preSolution
		Debug|Any CPU = Debug|Any CPU
		Release|Any CPU = Release|Any CPU
	EndGlobalSection
	GlobalSection(ProjectConfigurationPlatforms) = postSolution
		{8639FBCA-4FB8-485C-B679-0A803C1181BC}.Debug|Any CPU.ActiveCfg = Debug|Any CPU
		{8639FBCA-4FB8-485C-B679-0A803C1181BC}.Debug|Any CPU.Build.0 = Debug|Any CPU
		{8639FBCA-4FB8-485C-B679-0A803C1181BC}.Release|Any CPU.ActiveCfg = Release|Any CPU
		{8639FBCA-4FB8-485C-B679-0A803C1181BC}.Release|Any CPU.Build.0 = Release|Any CPU
	EndGlobalSection
	GlobalSection(SolutionProperties) = preSolution
		HideSolutionNode = FALSE
	EndGlobalSection
EndGlobal
